<?xml version="1.0" encoding="utf-8"?>
<Project ToolsVersion="4.0" xmlns="http://schemas.microsoft.com/developer/msbuild/2003">
  <ItemGroup>
    <Filter Include="Source Files">
      <UniqueIdentifier>{4FC737F1-C7A5-4376-A066-2A32D752A2FF}</UniqueIdentifier>
      <Extensions>cpp;c;cc;cxx;c++;cppm;ixx;def;odl;idl;hpj;bat;asm;asmx</Extensions>
    </Filter>
    <Filter Include="Header Files">
      <UniqueIdentifier>{93995380-89BD-4b04-88EB-625FBE52EBFB}</UniqueIdentifier>
      <Extensions>h;hh;hpp;hxx;h++;hm;inl;inc;ipp;xsd</Extensions>
    </Filter>
    <Filter Include="Resource Files">
      <UniqueIdentifier>{67DA6AB6-F800-4c08-8B7A-83BB121AAD01}</UniqueIdentifier>
      <Extensions>rc;ico;cur;bmp;dlg;rc2;rct;bin;rgs;gif;jpg;jpeg;jpe;resx;tiff;tif;png;wav;mfcribbon-ms</Extensions>
    </Filter>
  </ItemGroup>
  <ItemGroup>
    <ClCompile Include="Sanskript.cpp">
      <Filter>Source Files</Filter>
    </ClCompile>
    <ClCompile Include="Lexer.cpp">
      <Filter>Resource Files</Filter>
    </ClCompile>
    <ClCompile Include="TreeUtil.cpp">
      <Filter>Resource Files</Filter>
    </ClCompile>
    <ClCompile Include="Parser.cpp">
      <Filter>Resource Files</Filter>
    </ClCompile>
    <ClCompile Include="SymbolTable.cpp">
      <Filter>Resource Files</Filter>
    </ClCompile>
    <ClCompile Include="Global.cpp">
      <Filter>Resource Files</Filter>
    </ClCompile>
    <ClCompile Include="CodeGen.cpp">
      <Filter>Resource Files</Filter>
    </ClCompile>
    <ClCompile Include="exported_main.cpp">
      <Filter>Source Files</Filter>
    </ClCompile>
  </ItemGroup>
  <ItemGroup>
    <ClInclude Include="Lexer.h">
      <Filter>Header Files</Filter>
    </ClInclude>
    <ClInclude Include="Built_In.h">
      <Filter>Header Files</Filter>
    </ClInclude>
    <ClInclude Include="ConsolePrintUtil.h">
      <Filter>Header Files</Filter>
    </ClInclude>
    <ClInclude Include="TreeUtil.h">
      <Filter>Header Files</Filter>
    </ClInclude>
    <ClInclude Include="CodeType.h">
      <Filter>Header Files</Filter>
    </ClInclude>
    <ClInclude Include="Parser.h">
      <Filter>Header Files</Filter>
    </ClInclude>
    <ClInclude Include="Keywords.h">
      <Filter>Header Files</Filter>
    </ClInclude>
    <ClInclude Include="ParseUtil.h">
      <Filter>Header Files</Filter>
    </ClInclude>
    <ClInclude Include="SymbolTable.h">
      <Filter>Header Files</Filter>
    </ClInclude>
    <ClInclude Include="Global.h">
      <Filter>Header Files</Filter>
    </ClInclude>
    <ClInclude Include="Expression.h">
      <Filter>Header Files</Filter>
    </ClInclude>
    <ClInclude Include="CodeGen.h">
      <Filter>Header Files</Filter>
    </ClInclude>
  </ItemGroup>
  <ItemGroup>
    <None Include="Sanskript2\real_main.krit">
      <Filter>Source Files</Filter>
    </None>
    <None Include="main.krit">
      <Filter>Source Files</Filter>
    </None>
  </ItemGroup>
  <ItemGroup>
    <Text Include="Sanskript2\rules.txt">
      <Filter>Source Files</Filter>
    </Text>
    <Text Include="current_task.txt">
      <Filter>Source Files</Filter>
    </Text>
  </ItemGroup>
</Project>